[[package]]
name = "3-packaging-a-mac-app"
version = "0.1.0"
dependencies = [
 "cocoa 0.17.0 (registry+https://github.com/rust-lang/crates.io-index)",
 "libc 0.2.17 (registry+https://github.com/rust-lang/crates.io-index)",
 "objc 0.2.5 (registry+https://github.com/rust-lang/crates.io-index)",
]

[[package]]
name = "bitflags"
version = "1.0.3"
source = "registry+https://github.com/rust-lang/crates.io-index"

[[package]]
name = "block"
version = "0.1.6"
source = "registry+https://github.com/rust-lang/crates.io-index"

[[package]]
name = "cocoa"
version = "0.17.0"
source = "registry+https://github.com/rust-lang/crates.io-index"
dependencies = [
 "bitflags 1.0.3 (registry+https://github.com/rust-lang/crates.io-index)",
 "block 0.1.6 (registry+https://github.com/rust-lang/crates.io-index)",
 "core-graphics 0.16.0 (registry+https://github.com/rust-lang/crates.io-index)",
 "libc 0.2.17 (registry+https://github.com/rust-lang/crates.io-index)",
 "objc 0.2.5 (registry+https://github.com/rust-lang/crates.io-index)",
]

[[package]]
name = "core-foundation"
version = "0.6.1"
source = "registry+https://github.com/rust-lang/crates.io-index"
dependencies = [
 "core-foundation-sys 0.6.1 (registry+https://github.com/rust-lang/crates.io-index)",
 "libc 0.2.17 (registry+https://github.com/rust-lang/crates.io-index)",
]

[[package]]
name = "core-foundation-sys"
version = "0.6.1"
source = "registry+https://github.com/rust-lang/crates.io-index"

[[package]]
name = "core-graphics"
version = "0.16.0"
source = "registry+https://github.com/rust-lang/crates.io-index"
dependencies = [
 "bitflags 1.0.3 (registry+https://github.com/rust-lang/crates.io-index)",
 "core-foundation 0.6.1 (registry+https://github.com/rust-lang/crates.io-index)",
 "foreign-types 0.3.2 (registry+https://github.com/rust-lang/crates.io-index)",
 "libc 0.2.17 (registry+https://github.com/rust-lang/crates.io-index)",
]

[[package]]
name = "foreign-types"
version = "0.3.2"
source = "registry+https://github.com/rust-lang/crates.io-index"
dependencies = [
 "foreign-types-shared 0.1.1 (registry+https://github.com/rust-lang/crates.io-index)",
]

[[package]]
name = "foreign-types-shared"
version = "0.1.1"
source = "registry+https://github.com/rust-lang/crates.io-index"

[[package]]
name = "libc"
version = "0.2.17"
source = "registry+https://github.com/rust-lang/crates.io-index"

[[package]]
name = "malloc_buf"
version = "0.0.6"
source = "registry+https://github.com/rust-lang/crates.io-index"
dependencies = [
 "libc 0.2.17 (registry+https://github.com/rust-lang/crates.io-index)",
]

[[package]]
name = "objc"
version = "0.2.5"
source = "registry+https://github.com/rust-lang/crates.io-index"
dependencies = [
 "malloc_buf 0.0.6 (registry+https://github.com/rust-lang/crates.io-index)",
]

[metadata]
"checksum bitflags 1.0.3 (registry+https://github.com/rust-lang/crates.io-index)" = "d0c54bb8f454c567f21197eefcdbf5679d0bd99f2ddbe52e84c77061952e6789"
"checksum block 0.1.6 (registry+https://github.com/rust-lang/crates.io-index)" = "0d8c1fef690941d3e7788d328517591fecc684c084084702d6ff1641e993699a"
"checksum cocoa 0.17.0 (registry+https://github.com/rust-lang/crates.io-index)" = "f5cd1afb83b2de9c41e5dfedb2bcccb779d433b958404876009ae4b01746ff23"
"checksum core-foundation 0.6.1 (registry+https://github.com/rust-lang/crates.io-index)" = "cc3532ec724375c7cb7ff0a097b714fde180bb1f6ed2ab27cfcd99ffca873cd2"
"checksum core-foundation-sys 0.6.1 (registry+https://github.com/rust-lang/crates.io-index)" = "a3fb15cdbdd9cf8b82d97d0296bb5cd3631bba58d6e31650a002a8e7fb5721f9"
"checksum core-graphics 0.16.0 (registry+https://github.com/rust-lang/crates.io-index)" = "92801c908ea6301ae619ed842a72e01098085fc321b9c2f3f833dad555bba055"
"checksum foreign-types 0.3.2 (registry+https://github.com/rust-lang/crates.io-index)" = "f6f339eb8adc052cd2ca78910fda869aefa38d22d5cb648e6485e4d3fc06f3b1"
"checksum foreign-types-shared 0.1.1 (registry+https://github.com/rust-lang/crates.io-index)" = "00b0228411908ca8685dba7fc2cdd70ec9990a6e753e89b6ac91a84c40fbaf4b"
"checksum libc 0.2.17 (registry+https://github.com/rust-lang/crates.io-index)" = "044d1360593a78f5c8e5e710beccdc24ab71d1f01bc19a29bcacdba22e8475d8"
"checksum malloc_buf 0.0.6 (registry+https://github.com/rust-lang/crates.io-index)" = "62bb907fe88d54d8d9ce32a3cceab4218ed2f6b7d35617cafe9adf84e43919cb"
"checksum objc 0.2.5 (registry+https://github.com/rust-lang/crates.io-index)" = "9833ab0efe5361b1e2122a0544a5d3359576911a42cb098c2e59be8650807367"
