# This file is automatically @generated by Cargo.
# It is not intended for manual editing.
[[package]]
name = "bitflags"
version = "1.0.3"
source = "registry+https://github.com/rust-lang/crates.io-index"
checksum = "d0c54bb8f454c567f21197eefcdbf5679d0bd99f2ddbe52e84c77061952e6789"

[[package]]
name = "block"
version = "0.1.6"
source = "registry+https://github.com/rust-lang/crates.io-index"
checksum = "0d8c1fef690941d3e7788d328517591fecc684c084084702d6ff1641e993699a"

[[package]]
name = "cocoa"
version = "0.17.0"
source = "registry+https://github.com/rust-lang/crates.io-index"
checksum = "f5cd1afb83b2de9c41e5dfedb2bcccb779d433b958404876009ae4b01746ff23"
dependencies = [
 "bitflags",
 "block",
 "core-graphics",
 "libc",
 "objc",
]

[[package]]
name = "core-foundation"
version = "0.6.1"
source = "registry+https://github.com/rust-lang/crates.io-index"
checksum = "cc3532ec724375c7cb7ff0a097b714fde180bb1f6ed2ab27cfcd99ffca873cd2"
dependencies = [
 "core-foundation-sys",
 "libc",
]

[[package]]
name = "core-foundation-sys"
version = "0.6.1"
source = "registry+https://github.com/rust-lang/crates.io-index"
checksum = "a3fb15cdbdd9cf8b82d97d0296bb5cd3631bba58d6e31650a002a8e7fb5721f9"

[[package]]
name = "core-graphics"
version = "0.16.0"
source = "registry+https://github.com/rust-lang/crates.io-index"
checksum = "92801c908ea6301ae619ed842a72e01098085fc321b9c2f3f833dad555bba055"
dependencies = [
 "bitflags",
 "core-foundation",
 "foreign-types",
 "libc",
]

[[package]]
name = "foreign-types"
version = "0.3.2"
source = "registry+https://github.com/rust-lang/crates.io-index"
checksum = "f6f339eb8adc052cd2ca78910fda869aefa38d22d5cb648e6485e4d3fc06f3b1"
dependencies = [
 "foreign-types-shared",
]

[[package]]
name = "foreign-types-shared"
version = "0.1.1"
source = "registry+https://github.com/rust-lang/crates.io-index"
checksum = "00b0228411908ca8685dba7fc2cdd70ec9990a6e753e89b6ac91a84c40fbaf4b"

[[package]]
name = "libc"
version = "0.2.17"
source = "registry+https://github.com/rust-lang/crates.io-index"
checksum = "044d1360593a78f5c8e5e710beccdc24ab71d1f01bc19a29bcacdba22e8475d8"

[[package]]
name = "malloc_buf"
version = "0.0.6"
source = "registry+https://github.com/rust-lang/crates.io-index"
checksum = "62bb907fe88d54d8d9ce32a3cceab4218ed2f6b7d35617cafe9adf84e43919cb"
dependencies = [
 "libc",
]

[[package]]
name = "objc"
version = "0.2.5"
source = "registry+https://github.com/rust-lang/crates.io-index"
checksum = "9833ab0efe5361b1e2122a0544a5d3359576911a42cb098c2e59be8650807367"
dependencies = [
 "malloc_buf",
]

[[package]]
name = "packaging-a-mac-app"
version = "0.1.0"
dependencies = [
 "cocoa",
 "libc",
 "objc",
]
